// !$*UTF8*$!
{
	archiveVersion = 1;
	classes = {
	};
	objectVersion = 54;
	objects = {

/* Begin PBXBuildFile section */
		AA0000010000000000000001 /* JRPreferencesController.m in Sources */ = {isa = PBXBuildFile; fileRef = AA0000020000000000000001 /* JRPreferencesController.m */; };
		AA0000030000000000000001 /* JRPreferences.xib in Resources */ = {isa = PBXBuildFile; fileRef = AA0000040000000000000001 /* JRPreferences.xib */; };
		D803A2F015A172F40053D84A /* JRCollectionView.m in Sources */ = {isa = PBXBuildFile; fileRef = D803A2EF15A172F40053D84A /* JRCollectionView.m */; };
		D803A30315A175790053D84A /* IconFinder.icns in Resources */ = {isa = PBXBuildFile; fileRef = D803A30215A175790053D84A /* IconFinder.icns */; };
		D8CD3DF215981BA600DFC994 /* Cocoa.framework in Frameworks */ = {isa = PBXBuildFile; fileRef = D8CD3DF115981BA600DFC994 /* Cocoa.framework */; };
		D8CD3DFC15981BA600DFC994 /* InfoPlist.strings in Resources */ = {isa = PBXBuildFile; fileRef = D8CD3DFA15981BA600DFC994 /* InfoPlist.strings */; };
		D8CD3DFE15981BA600DFC994 /* main.m in Sources */ = {isa = PBXBuildFile; fileRef = D8CD3DFD15981BA600DFC994 /* main.m */; };
		D8CD3E0215981BA600DFC994 /* Credits.rtf in Resources */ = {isa = PBXBuildFile; fileRef = D8CD3E0015981BA600DFC994 /* Credits.rtf */; };
		D8CD3E0515981BA600DFC994 /* JRAppDelegate.m in Sources */ = {isa = PBXBuildFile; fileRef = D8CD3E0415981BA600DFC994 /* JRAppDelegate.m */; };
		D8CD3E0815981BA600DFC994 /* MainMenu.xib in Resources */ = {isa = PBXBuildFile; fileRef = D8CD3E0615981BA600DFC994 /* MainMenu.xib */; };
		D8CD3E1415984E5700DFC994 /* JRImageCollectionItemView.m in Sources */ = {isa = PBXBuildFile; fileRef = D8CD3E1315984E5700DFC994 /* JRImageCollectionItemView.m */; };
		D8CD3E1915984FB300DFC994 /* JRImageCollectionViewItemViewController.m in Sources */ = {isa = PBXBuildFile; fileRef = D8CD3E1715984FB300DFC994 /* JRImageCollectionViewItemViewController.m */; };
		D8CD3E1A15984FB300DFC994 /* JRImageCollectionViewItemViewController.xib in Resources */ = {isa = PBXBuildFile; fileRef = D8CD3E1815984FB300DFC994 /* JRImageCollectionViewItemViewController.xib */; };
/* End PBXBuildFile section */

/* Begin PBXFileReference section */
		AA0000000000000000000001 /* JRPreferencesController.h */ = {isa = PBXFileReference; lastKnownFileType = sourcecode.c.h; path = JRPreferencesController.h; sourceTree = "<group>"; };
		AA0000020000000000000001 /* JRPreferencesController.m */ = {isa = PBXFileReference; lastKnownFileType = sourcecode.c.objc; path = JRPreferencesController.m; sourceTree = "<group>"; };
		AA0000040000000000000001 /* JRPreferences.xib */ = {isa = PBXFileReference; lastKnownFileType = file.xib; path = JRPreferences.xib; sourceTree = "<group>"; };
		57B066D82E511D4900CDE481 /* IconFinder.profdata */ = {isa = PBXFileReference; lastKnownFileType = file; path = IconFinder.profdata; sourceTree = "<group>"; };
		D803A2EE15A172F40053D84A /* JRCollectionView.h */ = {isa = PBXFileReference; fileEncoding = 4; lastKnownFileType = sourcecode.c.h; path = JRCollectionView.h; sourceTree = "<group>"; };
		D803A2EF15A172F40053D84A /* JRCollectionView.m */ = {isa = PBXFileReference; fileEncoding = 4; lastKnownFileType = sourcecode.c.objc; path = JRCollectionView.m; sourceTree = "<group>"; };
		D803A30215A175790053D84A /* IconFinder.icns */ = {isa = PBXFileReference; lastKnownFileType = image.icns; path = IconFinder.icns; sourceTree = "<group>"; };
		D8CD3DED15981BA600DFC994 /* IconFinder.app */ = {isa = PBXFileReference; explicitFileType = wrapper.application; includeInIndex = 0; path = IconFinder.app; sourceTree = BUILT_PRODUCTS_DIR; };
		D8CD3DF115981BA600DFC994 /* Cocoa.framework */ = {isa = PBXFileReference; lastKnownFileType = wrapper.framework; name = Cocoa.framework; path = System/Library/Frameworks/Cocoa.framework; sourceTree = SDKROOT; };
		D8CD3DF415981BA600DFC994 /* AppKit.framework */ = {isa = PBXFileReference; lastKnownFileType = wrapper.framework; name = AppKit.framework; path = System/Library/Frameworks/AppKit.framework; sourceTree = SDKROOT; };
		D8CD3DF515981BA600DFC994 /* CoreData.framework */ = {isa = PBXFileReference; lastKnownFileType = wrapper.framework; name = CoreData.framework; path = System/Library/Frameworks/CoreData.framework; sourceTree = SDKROOT; };
		D8CD3DF615981BA600DFC994 /* Foundation.framework */ = {isa = PBXFileReference; lastKnownFileType = wrapper.framework; name = Foundation.framework; path = System/Library/Frameworks/Foundation.framework; sourceTree = SDKROOT; };
		D8CD3DF915981BA600DFC994 /* IconFinder-Info.plist */ = {isa = PBXFileReference; lastKnownFileType = text.plist.xml; path = "IconFinder-Info.plist"; sourceTree = "<group>"; };
		D8CD3DFB15981BA600DFC994 /* en */ = {isa = PBXFileReference; lastKnownFileType = text.plist.strings; name = en; path = en.lproj/InfoPlist.strings; sourceTree = "<group>"; };
		D8CD3DFD15981BA600DFC994 /* main.m */ = {isa = PBXFileReference; lastKnownFileType = sourcecode.c.objc; path = main.m; sourceTree = "<group>"; };
		D8CD3DFF15981BA600DFC994 /* IconFinder-Prefix.pch */ = {isa = PBXFileReference; lastKnownFileType = sourcecode.c.h; path = "IconFinder-Prefix.pch"; sourceTree = "<group>"; };
		D8CD3E0115981BA600DFC994 /* en */ = {isa = PBXFileReference; lastKnownFileType = text.rtf; name = en; path = en.lproj/Credits.rtf; sourceTree = "<group>"; };
		D8CD3E0315981BA600DFC994 /* JRAppDelegate.h */ = {isa = PBXFileReference; lastKnownFileType = sourcecode.c.h; path = JRAppDelegate.h; sourceTree = "<group>"; };
		D8CD3E0415981BA600DFC994 /* JRAppDelegate.m */ = {isa = PBXFileReference; lastKnownFileType = sourcecode.c.objc; path = JRAppDelegate.m; sourceTree = "<group>"; };
		D8CD3E0715981BA600DFC994 /* en */ = {isa = PBXFileReference; lastKnownFileType = file.xib; name = en; path = en.lproj/MainMenu.xib; sourceTree = "<group>"; };
		D8CD3E1215984E5700DFC994 /* JRImageCollectionItemView.h */ = {isa = PBXFileReference; fileEncoding = 4; lastKnownFileType = sourcecode.c.h; path = JRImageCollectionItemView.h; sourceTree = "<group>"; };
		D8CD3E1315984E5700DFC994 /* JRImageCollectionItemView.m */ = {isa = PBXFileReference; fileEncoding = 4; lastKnownFileType = sourcecode.c.objc; path = JRImageCollectionItemView.m; sourceTree = "<group>"; };
		D8CD3E1615984FB300DFC994 /* JRImageCollectionViewItemViewController.h */ = {isa = PBXFileReference; fileEncoding = 4; lastKnownFileType = sourcecode.c.h; path = JRImageCollectionViewItemViewController.h; sourceTree = "<group>"; };
		D8CD3E1715984FB300DFC994 /* JRImageCollectionViewItemViewController.m */ = {isa = PBXFileReference; fileEncoding = 4; lastKnownFileType = sourcecode.c.objc; path = JRImageCollectionViewItemViewController.m; sourceTree = "<group>"; };
		D8CD3E1815984FB300DFC994 /* JRImageCollectionViewItemViewController.xib */ = {isa = PBXFileReference; fileEncoding = 4; lastKnownFileType = file.xib; path = JRImageCollectionViewItemViewController.xib; sourceTree = "<group>"; };
/* End PBXFileReference section */

/* Begin PBXFrameworksBuildPhase section */
		D8CD3DEA15981BA600DFC994 /* Frameworks */ = {
			isa = PBXFrameworksBuildPhase;
			buildActionMask = 2147483647;
			files = (
				D8CD3DF215981BA600DFC994 /* Cocoa.framework in Frameworks */,
			);
			runOnlyForDeploymentPostprocessing = 0;
		};
/* End PBXFrameworksBuildPhase section */

/* Begin PBXGroup section */
		57B066D92E511D4900CDE481 /* OptimizationProfiles */ = {
			isa = PBXGroup;
			children = (
				57B066D82E511D4900CDE481 /* IconFinder.profdata */,
			);
			path = OptimizationProfiles;
			sourceTree = "<group>";
		};
		D8CD3DE215981BA600DFC994 = {
			isa = PBXGroup;
			children = (
				D8CD3DF715981BA600DFC994 /* IconFinder */,
				D8CD3DF015981BA600DFC994 /* Frameworks */,
				D8CD3DEE15981BA600DFC994 /* Products */,
				57B066D92E511D4900CDE481 /* OptimizationProfiles */,
			);
			sourceTree = "<group>";
		};
		D8CD3DEE15981BA600DFC994 /* Products */ = {
			isa = PBXGroup;
			children = (
				D8CD3DED15981BA600DFC994 /* IconFinder.app */,
			);
			name = Products;
			sourceTree = "<group>";
		};
		D8CD3DF015981BA600DFC994 /* Frameworks */ = {
			isa = PBXGroup;
			children = (
				D8CD3DF115981BA600DFC994 /* Cocoa.framework */,
				D8CD3DF315981BA600DFC994 /* Other Frameworks */,
			);
			name = Frameworks;
			sourceTree = "<group>";
		};
		D8CD3DF315981BA600DFC994 /* Other Frameworks */ = {
			isa = PBXGroup;
			children = (
				D8CD3DF415981BA600DFC994 /* AppKit.framework */,
				D8CD3DF515981BA600DFC994 /* CoreData.framework */,
				D8CD3DF615981BA600DFC994 /* Foundation.framework */,
			);
			name = "Other Frameworks";
			sourceTree = "<group>";
		};
		D8CD3DF715981BA600DFC994 /* IconFinder */ = {
			isa = PBXGroup;
			children = (
				D8CD3E0315981BA600DFC994 /* JRAppDelegate.h */,
				D8CD3E0415981BA600DFC994 /* JRAppDelegate.m */,
				D8CD3E0615981BA600DFC994 /* MainMenu.xib */,
				D8CD3DF815981BA600DFC994 /* Supporting Files */,
				D8CD3E1615984FB300DFC994 /* JRImageCollectionViewItemViewController.h */,
				D8CD3E1715984FB300DFC994 /* JRImageCollectionViewItemViewController.m */,
				D8CD3E1815984FB300DFC994 /* JRImageCollectionViewItemViewController.xib */,
				D8CD3E1215984E5700DFC994 /* JRImageCollectionItemView.h */,
				D8CD3E1315984E5700DFC994 /* JRImageCollectionItemView.m */,
				D803A2EE15A172F40053D84A /* JRCollectionView.h */,
				D803A2EF15A172F40053D84A /* JRCollectionView.m */,
				AA0000000000000000000001 /* JRPreferencesController.h */,
				AA0000020000000000000001 /* JRPreferencesController.m */,
				AA0000040000000000000001 /* JRPreferences.xib */,
			);
			path = IconFinder;
			sourceTree = "<group>";
		};
		D8CD3DF815981BA600DFC994 /* Supporting Files */ = {
			isa = PBXGroup;
			children = (
				D803A30215A175790053D84A /* IconFinder.icns */,
				D8CD3DF915981BA600DFC994 /* IconFinder-Info.plist */,
				D8CD3DFA15981BA600DFC994 /* InfoPlist.strings */,
				D8CD3DFD15981BA600DFC994 /* main.m */,
				D8CD3DFF15981BA600DFC994 /* IconFinder-Prefix.pch */,
				D8CD3E0015981BA600DFC994 /* Credits.rtf */,
			);
			name = "Supporting Files";
			sourceTree = "<group>";
		};
/* End PBXGroup section */

/* Begin PBXNativeTarget section */
		D8CD3DEC15981BA600DFC994 /* IconFinder */ = {
			isa = PBXNativeTarget;
			buildConfigurationList = D8CD3E0B15981BA600DFC994 /* Build configuration list for PBXNativeTarget "IconFinder" */;
			buildPhases = (
				D8CD3DE915981BA600DFC994 /* Sources */,
				D8CD3DEA15981BA600DFC994 /* Frameworks */,
				D8CD3DEB15981BA600DFC994 /* Resources */,
			);
			buildRules = (
			);
			dependencies = (
			);
			name = IconFinder;
			productName = IconFinder;
			productReference = D8CD3DED15981BA600DFC994 /* IconFinder.app */;
			productType = "com.apple.product-type.application";
		};
/* End PBXNativeTarget section */

/* Begin PBXProject section */
		D8CD3DE415981BA600DFC994 /* Project object */ = {
			isa = PBXProject;
			attributes = {
				BuildIndependentTargetsInParallel = YES;
				CLASSPREFIX = JR;
				LastUpgradeCheck = 1640;
			};
			buildConfigurationList = D8CD3DE715981BA600DFC994 /* Build configuration list for PBXProject "IconFinder" */;
			compatibilityVersion = "Xcode 3.2";
			developmentRegion = en;
			hasScannedForEncodings = 0;
			knownRegions = (
				en,
				Base,
			);
			mainGroup = D8CD3DE215981BA600DFC994;
			productRefGroup = D8CD3DEE15981BA600DFC994 /* Products */;
			projectDirPath = "";
			projectRoot = "";
			targets = (
				D8CD3DEC15981BA600DFC994 /* IconFinder */,
			);
		};
/* End PBXProject section */

/* Begin PBXResourcesBuildPhase section */
		D8CD3DEB15981BA600DFC994 /* Resources */ = {
			isa = PBXResourcesBuildPhase;
			buildActionMask = 2147483647;
			files = (
				D8CD3DFC15981BA600DFC994 /* InfoPlist.strings in Resources */,
				D8CD3E0215981BA600DFC994 /* Credits.rtf in Resources */,
				D8CD3E0815981BA600DFC994 /* MainMenu.xib in Resources */,
				D8CD3E1A15984FB300DFC994 /* JRImageCollectionViewItemViewController.xib in Resources */,
				D803A30315A175790053D84A /* IconFinder.icns in Resources */,
				AA0000030000000000000001 /* JRPreferences.xib in Resources */,
			);
			runOnlyForDeploymentPostprocessing = 0;
		};
/* End PBXResourcesBuildPhase section */

/* Begin PBXSourcesBuildPhase section */
		D8CD3DE915981BA600DFC994 /* Sources */ = {
			isa = PBXSourcesBuildPhase;
			buildActionMask = 2147483647;
			files = (
				D8CD3DFE15981BA600DFC994 /* main.m in Sources */,
				D8CD3E0515981BA600DFC994 /* JRAppDelegate.m in Sources */,
				D8CD3E1415984E5700DFC994 /* JRImageCollectionItemView.m in Sources */,
				D8CD3E1915984FB300DFC994 /* JRImageCollectionViewItemViewController.m in Sources */,
				D803A2F015A172F40053D84A /* JRCollectionView.m in Sources */,
				AA0000010000000000000001 /* JRPreferencesController.m in Sources */,
			);
			runOnlyForDeploymentPostprocessing = 0;
		};
/* End PBXSourcesBuildPhase section */

/* Begin PBXVariantGroup section */
		D8CD3DFA15981BA600DFC994 /* InfoPlist.strings */ = {
			isa = PBXVariantGroup;
			children = (
				D8CD3DFB15981BA600DFC994 /* en */,
			);
			name = InfoPlist.strings;
			sourceTree = "<group>";
		};
		D8CD3E0015981BA600DFC994 /* Credits.rtf */ = {
			isa = PBXVariantGroup;
			children = (
				D8CD3E0115981BA600DFC994 /* en */,
			);
			name = Credits.rtf;
			sourceTree = "<group>";
		};
		D8CD3E0615981BA600DFC994 /* MainMenu.xib */ = {
			isa = PBXVariantGroup;
			children = (
				D8CD3E0715981BA600DFC994 /* en */,
			);
			name = MainMenu.xib;
			sourceTree = "<group>";
		};
/* End PBXVariantGroup section */

/* Begin XCBuildConfiguration section */
		D8CD3E0915981BA600DFC994 /* Debug */ = {
			isa = XCBuildConfiguration;
			buildSettings = {
				ALWAYS_SEARCH_USER_PATHS = NO;
				CLANG_ANALYZER_LOCALIZABILITY_NONLOCALIZED = YES;
				CLANG_ENABLE_OBJC_ARC = YES;
				CLANG_WARN_BLOCK_CAPTURE_AUTORELEASING = YES;
				CLANG_WARN_BOOL_CONVERSION = YES;
				CLANG_WARN_COMMA = YES;
				CLANG_WARN_CONSTANT_CONVERSION = YES;
				CLANG_WARN_DEPRECATED_OBJC_IMPLEMENTATIONS = YES;
				CLANG_WARN_EMPTY_BODY = YES;
				CLANG_WARN_ENUM_CONVERSION = YES;
				CLANG_WARN_INFINITE_RECURSION = YES;
				CLANG_WARN_INT_CONVERSION = YES;
				CLANG_WARN_NON_LITERAL_NULL_CONVERSION = YES;
				CLANG_WARN_OBJC_IMPLICIT_RETAIN_SELF = YES;
				CLANG_WARN_OBJC_LITERAL_CONVERSION = YES;
				CLANG_WARN_QUOTED_INCLUDE_IN_FRAMEWORK_HEADER = YES;
				CLANG_WARN_RANGE_LOOP_ANALYSIS = YES;
				CLANG_WARN_STRICT_PROTOTYPES = YES;
				CLANG_WARN_SUSPICIOUS_MOVE = YES;
				CLANG_WARN_UNREACHABLE_CODE = YES;
				CLANG_WARN__DUPLICATE_METHOD_MATCH = YES;
				COPY_PHASE_STRIP = NO;
				DEAD_CODE_STRIPPING = YES;
				ENABLE_STRICT_OBJC_MSGSEND = YES;
				ENABLE_TESTABILITY = YES;
				ENABLE_USER_SCRIPT_SANDBOXING = YES;
				GCC_C_LANGUAGE_STANDARD = gnu99;
				GCC_DYNAMIC_NO_PIC = NO;
				GCC_ENABLE_OBJC_EXCEPTIONS = YES;
				GCC_NO_COMMON_BLOCKS = YES;
				GCC_OPTIMIZATION_LEVEL = 0;
				GCC_PREPROCESSOR_DEFINITIONS = (
					"DEBUG=1",
					"$(inherited)",
				);
				GCC_SYMBOLS_PRIVATE_EXTERN = NO;
				GCC_VERSION = com.apple.compilers.llvm.clang.1_0;
				GCC_WARN_64_TO_32_BIT_CONVERSION = YES;
				GCC_WARN_ABOUT_RETURN_TYPE = YES;
				GCC_WARN_UNDECLARED_SELECTOR = YES;
				GCC_WARN_UNINITIALIZED_AUTOS = YES;
				GCC_WARN_UNUSED_FUNCTION = YES;
				GCC_WARN_UNUSED_VARIABLE = YES;
				MACOSX_DEPLOYMENT_TARGET = 13.5;
				ONLY_ACTIVE_ARCH = YES;
				SDKROOT = macosx;
			};
			name = Debug;
		};
		D8CD3E0A15981BA600DFC994 /* Release */ = {
			isa = XCBuildConfiguration;
			buildSettings = {
				ALWAYS_SEARCH_USER_PATHS = NO;
				CLANG_ANALYZER_LOCALIZABILITY_NONLOCALIZED = YES;
				CLANG_ENABLE_OBJC_ARC = YES;
				CLANG_WARN_BLOCK_CAPTURE_AUTORELEASING = YES;
				CLANG_WARN_BOOL_CONVERSION = YES;
				CLANG_WARN_COMMA = YES;
				CLANG_WARN_CONSTANT_CONVERSION = YES;
				CLANG_WARN_DEPRECATED_OBJC_IMPLEMENTATIONS = YES;
				CLANG_WARN_EMPTY_BODY = YES;
				CLANG_WARN_ENUM_CONVERSION = YES;
				CLANG_WARN_INFINITE_RECURSION = YES;
				CLANG_WARN_INT_CONVERSION = YES;
				CLANG_WARN_NON_LITERAL_NULL_CONVERSION = YES;
				CLANG_WARN_OBJC_IMPLICIT_RETAIN_SELF = YES;
				CLANG_WARN_OBJC_LITERAL_CONVERSION = YES;
				CLANG_WARN_QUOTED_INCLUDE_IN_FRAMEWORK_HEADER = YES;
				CLANG_WARN_RANGE_LOOP_ANALYSIS = YES;
				CLANG_WARN_STRICT_PROTOTYPES = YES;
				CLANG_WARN_SUSPICIOUS_MOVE = YES;
				CLANG_WARN_UNREACHABLE_CODE = YES;
				CLANG_WARN__DUPLICATE_METHOD_MATCH = YES;
				COPY_PHASE_STRIP = YES;
				DEAD_CODE_STRIPPING = YES;
				DEBUG_INFORMATION_FORMAT = "dwarf-with-dsym";
				ENABLE_STRICT_OBJC_MSGSEND = YES;
				ENABLE_USER_SCRIPT_SANDBOXING = YES;
				GCC_C_LANGUAGE_STANDARD = gnu99;
				GCC_ENABLE_OBJC_EXCEPTIONS = YES;
				GCC_NO_COMMON_BLOCKS = YES;
				GCC_VERSION = com.apple.compilers.llvm.clang.1_0;
				GCC_WARN_64_TO_32_BIT_CONVERSION = YES;
				GCC_WARN_ABOUT_RETURN_TYPE = YES;
				GCC_WARN_UNDECLARED_SELECTOR = YES;
				GCC_WARN_UNINITIALIZED_AUTOS = YES;
				GCC_WARN_UNUSED_FUNCTION = YES;
				GCC_WARN_UNUSED_VARIABLE = YES;
				MACOSX_DEPLOYMENT_TARGET = 13.5;
				SDKROOT = macosx;
			};
			name = Release;
		};
		D8CD3E0C15981BA600DFC994 /* Debug */ = {
			isa = XCBuildConfiguration;
			buildSettings = {
				CLANG_USE_OPTIMIZATION_PROFILE = YES;
				CURRENT_PROJECT_VERSION = 100;
				DEAD_CODE_STRIPPING = YES;
				GCC_PRECOMPILE_PREFIX_HEADER = YES;
				GCC_PREFIX_HEADER = "IconFinder/IconFinder-Prefix.pch";
				INFOPLIST_FILE = "IconFinder/IconFinder-Info.plist";
				INFOPLIST_KEY_CFBundleDisplayName = IconFinder;
				INFOPLIST_KEY_LSApplicationCategoryType = "public.app-category.utilities";
				MACOSX_DEPLOYMENT_TARGET = 14.6;
				MARKETING_VERSION = 2.0;
				PRODUCT_BUNDLE_IDENTIFIER = "net.joerhodes.${PRODUCT_NAME:rfc1034identifier}";
				PRODUCT_NAME = "$(TARGET_NAME)";
				WRAPPER_EXTENSION = app;
			};
			name = Debug;
		};
		D8CD3E0D15981BA600DFC994 /* Release */ = {
			isa = XCBuildConfiguration;
			buildSettings = {
				CLANG_USE_OPTIMIZATION_PROFILE = YES;
				CURRENT_PROJECT_VERSION = 100;
				DEAD_CODE_STRIPPING = YES;
				GCC_PRECOMPILE_PREFIX_HEADER = YES;
				GCC_PREFIX_HEADER = "IconFinder/IconFinder-Prefix.pch";
				INFOPLIST_FILE = "IconFinder/IconFinder-Info.plist";
				INFOPLIST_KEY_CFBundleDisplayName = IconFinder;
				INFOPLIST_KEY_LSApplicationCategoryType = "public.app-category.utilities";
				MACOSX_DEPLOYMENT_TARGET = 14.6;
				MARKETING_VERSION = 2.0;
				PRODUCT_BUNDLE_IDENTIFIER = "net.joerhodes.${PRODUCT_NAME:rfc1034identifier}";
				PRODUCT_NAME = "$(TARGET_NAME)";
				WRAPPER_EXTENSION = app;
			};
			name = Release;
		};
/* End XCBuildConfiguration section */

/* Begin XCConfigurationList section */
		D8CD3DE715981BA600DFC994 /* Build configuration list for PBXProject "IconFinder" */ = {
			isa = XCConfigurationList;
			buildConfigurations = (
				D8CD3E0915981BA600DFC994 /* Debug */,
				D8CD3E0A15981BA600DFC994 /* Release */,
			);
			defaultConfigurationIsVisible = 0;
			defaultConfigurationName = Release;
		};
		D8CD3E0B15981BA600DFC994 /* Build configuration list for PBXNativeTarget "IconFinder" */ = {
			isa = XCConfigurationList;
			buildConfigurations = (
				D8CD3E0C15981BA600DFC994 /* Debug */,
				D8CD3E0D15981BA600DFC994 /* Release */,
			);
			defaultConfigurationIsVisible = 0;
			defaultConfigurationName = Release;
		};
/* End XCConfigurationList section */
	};
	rootObject = D8CD3DE415981BA600DFC994 /* Project object */;
}
